
Microsoft Visual Studio Solution File, Format Version 12.00
# Visual Studio Express 2013 for Web
VisualStudioVersion = 12.0.21005.1
MinimumVisualStudioVersion = 10.0.40219.1
Project("{FAE04EC0-301F-11D3-BF4B-00C04F79EFBC}") = "ProjectMetricsDomainLayer", "ProjectMetricsDomainLayer\ProjectMetricsDomainLayer.csproj", "{4E66EDC2-D5F9-4EF3-8361-7C7F8D22D4BD}"
EndProject
Project("{FAE04EC0-301F-11D3-BF4B-00C04F79EFBC}") = "ProjectMetricsBusinessService", "ProjectMetricsBusinessService\ProjectMetricsBusinessService.csproj", "{9DDCFD14-04E1-4FCA-AFAF-DC630635D141}"
EndProject
Project("{FAE04EC0-301F-11D3-BF4B-00C04F79EFBC}") = "ProjectMetricsDataAccessContracts", "ProjectMetricsDataAccessContracts\ProjectMetricsDataAccessContracts.csproj", "{5AF07A74-0362-423B-BD13-8FABAC5B5808}"
EndProject
Project("{FAE04EC0-301F-11D3-BF4B-00C04F79EFBC}") = "ProjectMetricsUILayer", "ProjectMetricsUILayer\ProjectMetricsUILayer.csproj", "{CE2E5BBD-6A00-420E-8631-CE110A7922D3}"
EndProject
Project("{FAE04EC0-301F-11D3-BF4B-00C04F79EFBC}") = "ProjectMetricsDataLayer", "ProjectMetricsDataLayer\ProjectMetricsDataLayer.csproj", "{4A901DB4-2B48-4CA0-9F06-BE7443D03415}"
EndProject
Project("{FAE04EC0-301F-11D3-BF4B-00C04F79EFBC}") = "ProjectMetricsConnectionManager", "ProjectMetricsConnectionManager\ProjectMetricsConnectionManager.csproj", "{257E95E8-A9E0-4AAA-801A-EB9F7116D576}"
EndProject
Global
	GlobalSection(SolutionConfigurationPlatforms) = preSolution
		Debug|Any CPU = Debug|Any CPU
		Release|Any CPU = Release|Any CPU
	EndGlobalSection
	GlobalSection(ProjectConfigurationPlatforms) = postSolution
		{4E66EDC2-D5F9-4EF3-8361-7C7F8D22D4BD}.Debug|Any CPU.ActiveCfg = Debug|Any CPU
		{4E66EDC2-D5F9-4EF3-8361-7C7F8D22D4BD}.Debug|Any CPU.Build.0 = Debug|Any CPU
		{4E66EDC2-D5F9-4EF3-8361-7C7F8D22D4BD}.Release|Any CPU.ActiveCfg = Release|Any CPU
		{4E66EDC2-D5F9-4EF3-8361-7C7F8D22D4BD}.Release|Any CPU.Build.0 = Release|Any CPU
		{9DDCFD14-04E1-4FCA-AFAF-DC630635D141}.Debug|Any CPU.ActiveCfg = Debug|Any CPU
		{9DDCFD14-04E1-4FCA-AFAF-DC630635D141}.Debug|Any CPU.Build.0 = Debug|Any CPU
		{9DDCFD14-04E1-4FCA-AFAF-DC630635D141}.Release|Any CPU.ActiveCfg = Release|Any CPU
		{9DDCFD14-04E1-4FCA-AFAF-DC630635D141}.Release|Any CPU.Build.0 = Release|Any CPU
		{5AF07A74-0362-423B-BD13-8FABAC5B5808}.Debug|Any CPU.ActiveCfg = Debug|Any CPU
		{5AF07A74-0362-423B-BD13-8FABAC5B5808}.Debug|Any CPU.Build.0 = Debug|Any CPU
		{5AF07A74-0362-423B-BD13-8FABAC5B5808}.Release|Any CPU.ActiveCfg = Release|Any CPU
		{5AF07A74-0362-423B-BD13-8FABAC5B5808}.Release|Any CPU.Build.0 = Release|Any CPU
		{CE2E5BBD-6A00-420E-8631-CE110A7922D3}.Debug|Any CPU.ActiveCfg = Debug|Any CPU
		{CE2E5BBD-6A00-420E-8631-CE110A7922D3}.Debug|Any CPU.Build.0 = Debug|Any CPU
		{CE2E5BBD-6A00-420E-8631-CE110A7922D3}.Release|Any CPU.ActiveCfg = Release|Any CPU
		{CE2E5BBD-6A00-420E-8631-CE110A7922D3}.Release|Any CPU.Build.0 = Release|Any CPU
		{4A901DB4-2B48-4CA0-9F06-BE7443D03415}.Debug|Any CPU.ActiveCfg = Debug|Any CPU
		{4A901DB4-2B48-4CA0-9F06-BE7443D03415}.Debug|Any CPU.Build.0 = Debug|Any CPU
		{4A901DB4-2B48-4CA0-9F06-BE7443D03415}.Release|Any CPU.ActiveCfg = Release|Any CPU
		{4A901DB4-2B48-4CA0-9F06-BE7443D03415}.Release|Any CPU.Build.0 = Release|Any CPU
		{257E95E8-A9E0-4AAA-801A-EB9F7116D576}.Debug|Any CPU.ActiveCfg = Debug|Any CPU
		{257E95E8-A9E0-4AAA-801A-EB9F7116D576}.Debug|Any CPU.Build.0 = Debug|Any CPU
		{257E95E8-A9E0-4AAA-801A-EB9F7116D576}.Release|Any CPU.ActiveCfg = Release|Any CPU
		{257E95E8-A9E0-4AAA-801A-EB9F7116D576}.Release|Any CPU.Build.0 = Release|Any CPU
	EndGlobalSection
	GlobalSection(SolutionProperties) = preSolution
		HideSolutionNode = FALSE
	EndGlobalSection
EndGlobal
